DEPENDENCIES
  riak-cs
  riak-cs-prepare
    git: git@github.com:a2ikm/chef-riak-cs-prepare.git
    revision: 515cd5695e1cdc2594163df1965f8cc6ca7a893e

GRAPH
  apt (2.3.10)
  build-essential (1.4.4)
  chef_handler (1.1.6)
  dmg (2.2.0)
  erlang (1.5.4)
    apt (>= 1.7.0)
    build-essential (>= 0.0.0)
    yum (~> 3.0)
    yum-epel (>= 0.0.0)
    yum-erlang_solutions (>= 0.0.0)
  git (3.1.0)
    build-essential (>= 0.0.0)
    dmg (>= 0.0.0)
    runit (>= 1.0.0)
    windows (>= 0.0.0)
    yum (~> 3.0)
    yum-epel (>= 0.0.0)
  riak (2.4.11)
    apt (~> 2.3.8)
    build-essential (~> 1.4.2)
    erlang (~> 1.5.0)
    git (~> 3.0)
    sysctl (~> 0.3.5)
    ulimit (~> 0.3.2)
    yum (~> 3.0)
    yum-epel (~> 0.3)
  riak-cs (2.2.7)
    apt (~> 2.3.8)
    riak (~> 2.4.10)
    ulimit (~> 0.3.2)
    yum (~> 3.0)
    yum-epel (~> 0.3)
  riak-cs-prepare (0.1.0)
    ulimit (>= 0.0.0)
  runit (1.5.10)
    build-essential (>= 0.0.0)
    yum (~> 3.0)
    yum-epel (>= 0.0.0)
  sysctl (0.3.5)
  ulimit (0.3.2)
  windows (1.31.0)
    chef_handler (>= 0.0.0)
  yum (3.2.0)
  yum-epel (0.3.6)
    yum (~> 3.0)
  yum-erlang_solutions (0.2.0)
    yum (~> 3.0)
